
Microsoft Visual Studio Solution File, Format Version 12.00
# Visual Studio Version 17
VisualStudioVersion = 17.1.32407.343
MinimumVisualStudioVersion = 10.0.40219.1
Project("{FAE04EC0-301F-11D3-BF4B-00C04F79EFBC}") = "ControleFinanceiroAPI", "ControleFinanceiroAPI\ControleFinanceiroAPI.csproj", "{AE1AECB3-0E67-44B6-8A96-5A897D64B842}"
EndProject
Global
	GlobalSection(SolutionConfigurationPlatforms) = preSolution
		Debug|Any CPU = Debug|Any CPU
		Release|Any CPU = Release|Any CPU
	EndGlobalSection
	GlobalSection(ProjectConfigurationPlatforms) = postSolution
		{AE1AECB3-0E67-44B6-8A96-5A897D64B842}.Debug|Any CPU.ActiveCfg = Debug|Any CPU
		{AE1AECB3-0E67-44B6-8A96-5A897D64B842}.Debug|Any CPU.Build.0 = Debug|Any CPU
		{AE1AECB3-0E67-44B6-8A96-5A897D64B842}.Release|Any CPU.ActiveCfg = Release|Any CPU
		{AE1AECB3-0E67-44B6-8A96-5A897D64B842}.Release|Any CPU.Build.0 = Release|Any CPU
	EndGlobalSection
	GlobalSection(SolutionProperties) = preSolution
		HideSolutionNode = FALSE
	EndGlobalSection
	GlobalSection(ExtensibilityGlobals) = postSolution
		SolutionGuid = {5D68798F-7F70-49F6-8BA7-303406E16BDA}
	EndGlobalSection
EndGlobal
